{
  "name": "chatgpt-web",
  "version": "0.5.0",
  "lockfileVersion": 3,
  "requires": true,
  "packages": {
    "": {
      "name": "chatgpt-web",
      "version": "0.5.0",
      "dependencies": {
        "fs-ext": "2.1.1",
        "playwright-core": "^1.49.0"
      },
      "bin": {
        "chatgpt-web": "cli.mjs"
      }
    },
    "node_modules/fs-ext": {
      "version": "2.1.1",
      "resolved": "https://registry.npmjs.org/fs-ext/-/fs-ext-2.1.1.tgz",
      "integrity": "sha512-/TrISPOFhCkbgIRWK9lzscRzwPCu0PqtCcvMc9jsHKBgZGoqA0VzhspVht5Zu8lxaXjIYIBWILHpRotYkCCcQA==",
      "hasInstallScript": true,
      "dependencies": {
        "nan": "^2.21.0"
      },
      "engines": {
        "node": ">= 8.0.0"
      }
    },
    "node_modules/nan": {
      "version": "2.28.0",
      "resolved": "https://registry.npmjs.org/nan/-/nan-2.28.0.tgz",
      "integrity": "sha512-fTsDz99OTq2sVePhGdp4qQhggZFtKr64ZNVyVajRKtMOkJxYekplBh577PiJB12v/D3s2E5cGtOI45LWp6rnLQ==",
      "license": "MIT"
    },
    "node_modules/playwright-core": {
      "version": "1.63.0",
      "resolved": "https://registry.npmjs.org/playwright-core/-/playwright-core-1.63.0.tgz",
      "integrity": "sha512-rYCsBF/M5HjUch52bbtVONEFjv6Xu8sm8h72dNlR5bzIE1fvC/bxgspzkjSfU+MweEMmPM8KJebG6nnyxo5mCg==",
      "license": "Apache-2.0",
      "bin": {
        "playwright-core": "cli.js"
      },
      "engines": {
        "node": ">=20"
      }
    }
  }
}
